
Microsoft Visual Studio Solution File, Format Version 12.00
# Visual Studio 15
VisualStudioVersion = 15.0.27130.2010
MinimumVisualStudioVersion = 10.0.40219.1
Project("{9A19103F-16F7-4668-BE54-9A1E7A4F7556}") = "RandomAlgorithms", "RandomAlgorithms\RandomAlgorithms.csproj", "{4F5F5EDB-DD60-4187-BB89-C6A445599C4D}"
EndProject
Project("{9A19103F-16F7-4668-BE54-9A1E7A4F7556}") = "CheckPalindromeWord", "CheckPalindromeWord\CheckPalindromeWord.csproj", "{B7F8FEAD-1F57-403D-8893-81E6E5EA1D68}"
EndProject
Project("{9A19103F-16F7-4668-BE54-9A1E7A4F7556}") = "FibonacciSequence", "FibonacciSequence\FibonacciSequence.csproj", "{42EFD407-BACA-41BD-A204-DBFEBB2A0642}"
EndProject
Project("{9A19103F-16F7-4668-BE54-9A1E7A4F7556}") = "FindMissingNumber", "FindMissingNumber\FindMissingNumber.csproj", "{DB550798-061D-4DD4-8D22-02FB4A37EB56}"
EndProject
Project("{9A19103F-16F7-4668-BE54-9A1E7A4F7556}") = "QueueAndStacks", "QueueAndStacks\QueueAndStacks.csproj", "{BB05B260-5913-4BAA-B306-63320B3CF9D1}"
EndProject
Project("{FAE04EC0-301F-11D3-BF4B-00C04F79EFBC}") = "FindDuplicateNo", "FindDuplicateNo\FindDuplicateNo.csproj", "{F6689DDE-E9CC-49AC-AB66-379FF82E1DCA}"
EndProject
Project("{FAE04EC0-301F-11D3-BF4B-00C04F79EFBC}") = "FIndDuplicateNumber", "FIndDuplicateNumber\FIndDuplicateNumber.csproj", "{4985BA80-3BF0-4266-8604-94F3B41B4C62}"
EndProject
Project("{FAE04EC0-301F-11D3-BF4B-00C04F79EFBC}") = "FindDuplicateNoBST", "FindDuplicateNoBST\FindDuplicateNoBST.csproj", "{66764D9C-C6B7-4E50-A815-6165E48A13E6}"
EndProject
Project("{FAE04EC0-301F-11D3-BF4B-00C04F79EFBC}") = "BST", "BST\BST.csproj", "{475B73F0-E647-45F5-B245-F6B91DD8BF71}"
EndProject
Project("{FAE04EC0-301F-11D3-BF4B-00C04F79EFBC}") = "AutoComplete", "AutoComplete\AutoComplete.csproj", "{F8D79AB6-B4F1-4C10-8696-BD62B9530463}"
EndProject
Global
	GlobalSection(SolutionConfigurationPlatforms) = preSolution
		Debug|Any CPU = Debug|Any CPU
		Release|Any CPU = Release|Any CPU
	EndGlobalSection
	GlobalSection(ProjectConfigurationPlatforms) = postSolution
		{4F5F5EDB-DD60-4187-BB89-C6A445599C4D}.Debug|Any CPU.ActiveCfg = Debug|Any CPU
		{4F5F5EDB-DD60-4187-BB89-C6A445599C4D}.Debug|Any CPU.Build.0 = Debug|Any CPU
		{4F5F5EDB-DD60-4187-BB89-C6A445599C4D}.Release|Any CPU.ActiveCfg = Release|Any CPU
		{4F5F5EDB-DD60-4187-BB89-C6A445599C4D}.Release|Any CPU.Build.0 = Release|Any CPU
		{B7F8FEAD-1F57-403D-8893-81E6E5EA1D68}.Debug|Any CPU.ActiveCfg = Debug|Any CPU
		{B7F8FEAD-1F57-403D-8893-81E6E5EA1D68}.Debug|Any CPU.Build.0 = Debug|Any CPU
		{B7F8FEAD-1F57-403D-8893-81E6E5EA1D68}.Release|Any CPU.ActiveCfg = Release|Any CPU
		{B7F8FEAD-1F57-403D-8893-81E6E5EA1D68}.Release|Any CPU.Build.0 = Release|Any CPU
		{42EFD407-BACA-41BD-A204-DBFEBB2A0642}.Debug|Any CPU.ActiveCfg = Debug|Any CPU
		{42EFD407-BACA-41BD-A204-DBFEBB2A0642}.Debug|Any CPU.Build.0 = Debug|Any CPU
		{42EFD407-BACA-41BD-A204-DBFEBB2A0642}.Release|Any CPU.ActiveCfg = Release|Any CPU
		{42EFD407-BACA-41BD-A204-DBFEBB2A0642}.Release|Any CPU.Build.0 = Release|Any CPU
		{DB550798-061D-4DD4-8D22-02FB4A37EB56}.Debug|Any CPU.ActiveCfg = Debug|Any CPU
		{DB550798-061D-4DD4-8D22-02FB4A37EB56}.Debug|Any CPU.Build.0 = Debug|Any CPU
		{DB550798-061D-4DD4-8D22-02FB4A37EB56}.Release|Any CPU.ActiveCfg = Release|Any CPU
		{DB550798-061D-4DD4-8D22-02FB4A37EB56}.Release|Any CPU.Build.0 = Release|Any CPU
		{BB05B260-5913-4BAA-B306-63320B3CF9D1}.Debug|Any CPU.ActiveCfg = Debug|Any CPU
		{BB05B260-5913-4BAA-B306-63320B3CF9D1}.Debug|Any CPU.Build.0 = Debug|Any CPU
		{BB05B260-5913-4BAA-B306-63320B3CF9D1}.Release|Any CPU.ActiveCfg = Release|Any CPU
		{BB05B260-5913-4BAA-B306-63320B3CF9D1}.Release|Any CPU.Build.0 = Release|Any CPU
		{F6689DDE-E9CC-49AC-AB66-379FF82E1DCA}.Debug|Any CPU.ActiveCfg = Debug|Any CPU
		{F6689DDE-E9CC-49AC-AB66-379FF82E1DCA}.Debug|Any CPU.Build.0 = Debug|Any CPU
		{F6689DDE-E9CC-49AC-AB66-379FF82E1DCA}.Release|Any CPU.ActiveCfg = Release|Any CPU
		{F6689DDE-E9CC-49AC-AB66-379FF82E1DCA}.Release|Any CPU.Build.0 = Release|Any CPU
		{4985BA80-3BF0-4266-8604-94F3B41B4C62}.Debug|Any CPU.ActiveCfg = Debug|Any CPU
		{4985BA80-3BF0-4266-8604-94F3B41B4C62}.Debug|Any CPU.Build.0 = Debug|Any CPU
		{4985BA80-3BF0-4266-8604-94F3B41B4C62}.Release|Any CPU.ActiveCfg = Release|Any CPU
		{4985BA80-3BF0-4266-8604-94F3B41B4C62}.Release|Any CPU.Build.0 = Release|Any CPU
		{66764D9C-C6B7-4E50-A815-6165E48A13E6}.Debug|Any CPU.ActiveCfg = Debug|Any CPU
		{66764D9C-C6B7-4E50-A815-6165E48A13E6}.Debug|Any CPU.Build.0 = Debug|Any CPU
		{66764D9C-C6B7-4E50-A815-6165E48A13E6}.Release|Any CPU.ActiveCfg = Release|Any CPU
		{66764D9C-C6B7-4E50-A815-6165E48A13E6}.Release|Any CPU.Build.0 = Release|Any CPU
		{475B73F0-E647-45F5-B245-F6B91DD8BF71}.Debug|Any CPU.ActiveCfg = Debug|Any CPU
		{475B73F0-E647-45F5-B245-F6B91DD8BF71}.Debug|Any CPU.Build.0 = Debug|Any CPU
		{475B73F0-E647-45F5-B245-F6B91DD8BF71}.Release|Any CPU.ActiveCfg = Release|Any CPU
		{475B73F0-E647-45F5-B245-F6B91DD8BF71}.Release|Any CPU.Build.0 = Release|Any CPU
		{F8D79AB6-B4F1-4C10-8696-BD62B9530463}.Debug|Any CPU.ActiveCfg = Debug|Any CPU
		{F8D79AB6-B4F1-4C10-8696-BD62B9530463}.Debug|Any CPU.Build.0 = Debug|Any CPU
		{F8D79AB6-B4F1-4C10-8696-BD62B9530463}.Release|Any CPU.ActiveCfg = Release|Any CPU
		{F8D79AB6-B4F1-4C10-8696-BD62B9530463}.Release|Any CPU.Build.0 = Release|Any CPU
	EndGlobalSection
	GlobalSection(SolutionProperties) = preSolution
		HideSolutionNode = FALSE
	EndGlobalSection
	GlobalSection(ExtensibilityGlobals) = postSolution
		SolutionGuid = {F6417FEB-598B-4EE7-992F-61ED18DDBB2E}
	EndGlobalSection
EndGlobal
